
Microsoft Visual Studio Solution File, Format Version 12.00
# Visual Studio Version 16
VisualStudioVersion = 16.0.30002.166
MinimumVisualStudioVersion = 10.0.40219.1
Project("{FAE04EC0-301F-11D3-BF4B-00C04F79EFBC}") = "Demo1", "Demo1\Demo1.csproj", "{38CB417C-3FD6-484F-A9A4-130D89F222B3}"
EndProject
Project("{FAE04EC0-301F-11D3-BF4B-00C04F79EFBC}") = "Demo02", "Demo02\Demo02.csproj", "{4473C750-2A62-463E-A7D2-C5512AA25D7E}"
EndProject
Project("{FAE04EC0-301F-11D3-BF4B-00C04F79EFBC}") = "Demo03", "Demo03\Demo03.csproj", "{EB9DD37B-9A1F-4002-9188-B878859A57A7}"
EndProject
Project("{FAE04EC0-301F-11D3-BF4B-00C04F79EFBC}") = "Demo04", "Demo04\Demo04.csproj", "{E894374A-535B-4978-9C4F-6876F703A438}"
EndProject
Project("{FAE04EC0-301F-11D3-BF4B-00C04F79EFBC}") = "Demo05", "Demo05\Demo05.csproj", "{0EC17D7A-E411-448C-AEBD-8963AF33BC4F}"
EndProject
Project("{FAE04EC0-301F-11D3-BF4B-00C04F79EFBC}") = "Demo06", "Demo06\Demo06.csproj", "{3B044487-3CEE-4DEA-9431-BEF26D7B6D1A}"
EndProject
Project("{FAE04EC0-301F-11D3-BF4B-00C04F79EFBC}") = "Demo08", "Demo08\Demo08.csproj", "{CF959776-E731-4C51-A72D-AC7E7B987DD7}"
EndProject
Project("{FAE04EC0-301F-11D3-BF4B-00C04F79EFBC}") = "Demo09", "Demo09\Demo09.csproj", "{1E0075A3-E430-412C-A341-43E1DF79463E}"
EndProject
Project("{FAE04EC0-301F-11D3-BF4B-00C04F79EFBC}") = "delegate", "delegate\delegate.csproj", "{3C60C957-4E12-4EA4-8F4E-D02B18194267}"
EndProject
Project("{FAE04EC0-301F-11D3-BF4B-00C04F79EFBC}") = "Delegate_2", "Delegate_2\Delegate_2.csproj", "{D701888B-96C8-43C5-81D2-4456B31422A3}"
EndProject
Project("{FAE04EC0-301F-11D3-BF4B-00C04F79EFBC}") = "Delegate_3", "Delegate_3\Delegate_3.csproj", "{3DC9BBC9-76D1-4CE2-927F-467ABFC2A023}"
EndProject
Project("{FAE04EC0-301F-11D3-BF4B-00C04F79EFBC}") = "Demo07", "Demo07\Demo07.csproj", "{3911F717-0B61-432F-A849-D6736CAA9371}"
EndProject
Project("{9A19103F-16F7-4668-BE54-9A1E7A4F7556}") = "HelloWorld", "HelloWorld\HelloWorld.csproj", "{845B1A08-41D5-4726-8C03-390911BAB1BD}"
EndProject
Project("{9A19103F-16F7-4668-BE54-9A1E7A4F7556}") = "TestInterface", "TestInterface\TestInterface.csproj", "{D45D674D-CE3B-4DD2-A49A-5B4868284561}"
EndProject
Project("{9A19103F-16F7-4668-BE54-9A1E7A4F7556}") = "TestShuZu", "TestShuZu\TestShuZu.csproj", "{82AFE830-1163-4B7D-8E77-F0C5E1C1D6D5}"
EndProject
Project("{9A19103F-16F7-4668-BE54-9A1E7A4F7556}") = "TestXiuShiFu", "TestXiuShiFu\TestXiuShiFu.csproj", "{DCDD2D2B-12AD-4D3A-8596-7A94810BF3CB}"
EndProject
Project("{FAE04EC0-301F-11D3-BF4B-00C04F79EFBC}") = "TestPath", "TestPath\TestPath.csproj", "{AD1579F3-435B-4169-A6FC-4B38BB12141C}"
EndProject
Project("{FAE04EC0-301F-11D3-BF4B-00C04F79EFBC}") = "TestException", "TestException\TestException.csproj", "{3B49F707-EA5E-4793-AD00-2D1A403947A1}"
EndProject
Project("{FAE04EC0-301F-11D3-BF4B-00C04F79EFBC}") = "TestBuFenLei", "TestBuFenLei\TestBuFenLei.csproj", "{1917AE70-BD44-4586-9651-D95F9ACDAD89}"
EndProject
Project("{9A19103F-16F7-4668-BE54-9A1E7A4F7556}") = "Test1", "Test1\Test1.csproj", "{B05873D7-8AD3-4741-9D8D-A6D1AEF4B279}"
EndProject
Project("{9A19103F-16F7-4668-BE54-9A1E7A4F7556}") = "Test_new", "Test_new\Test_new.csproj", "{19E54341-BD3D-43CF-9289-9F56B08B25B4}"
EndProject
Project("{9A19103F-16F7-4668-BE54-9A1E7A4F7556}") = "Test_is", "Test_is\Test_is.csproj", "{F0AEE63F-C1EA-4D26-9330-36A7C84D5363}"
EndProject
Project("{9A19103F-16F7-4668-BE54-9A1E7A4F7556}") = "Test_HashTable_Dictionary", "Test_HashTable_Dictionary\Test_HashTable_Dictionary.csproj", "{768ADFBD-0073-4804-BAF0-4431849300DC}"
EndProject
Project("{FAE04EC0-301F-11D3-BF4B-00C04F79EFBC}") = "Test_FileStream", "Test_FIleStream\Test_FileStream.csproj", "{753AE574-B7CC-4F44-83CF-95656D95BDB4}"
EndProject
Project("{FAE04EC0-301F-11D3-BF4B-00C04F79EFBC}") = "niming method", "niming method\niming method.csproj", "{D6530BF0-A806-45F2-A323-123D743069AF}"
EndProject
Project("{FAE04EC0-301F-11D3-BF4B-00C04F79EFBC}") = "Interface_1", "Interface_1\Interface_1.csproj", "{FD7F47C4-EABB-44C4-BA51-CC0336429138}"
EndProject
Project("{FAE04EC0-301F-11D3-BF4B-00C04F79EFBC}") = "Event2", "Event2\Event2.csproj", "{B6DBADF2-DE04-4E0C-B8A7-F12BE9AF232A}"
EndProject
Project("{FAE04EC0-301F-11D3-BF4B-00C04F79EFBC}") = "Event 1", "Event 1\Event 1.csproj", "{4AC72ABC-5205-426B-A182-52D8B3288552}"
EndProject
Global
	GlobalSection(SolutionConfigurationPlatforms) = preSolution
		Debug|Any CPU = Debug|Any CPU
		Release|Any CPU = Release|Any CPU
	EndGlobalSection
	GlobalSection(ProjectConfigurationPlatforms) = postSolution
		{38CB417C-3FD6-484F-A9A4-130D89F222B3}.Debug|Any CPU.ActiveCfg = Debug|Any CPU
		{38CB417C-3FD6-484F-A9A4-130D89F222B3}.Debug|Any CPU.Build.0 = Debug|Any CPU
		{38CB417C-3FD6-484F-A9A4-130D89F222B3}.Release|Any CPU.ActiveCfg = Release|Any CPU
		{38CB417C-3FD6-484F-A9A4-130D89F222B3}.Release|Any CPU.Build.0 = Release|Any CPU
		{4473C750-2A62-463E-A7D2-C5512AA25D7E}.Debug|Any CPU.ActiveCfg = Debug|Any CPU
		{4473C750-2A62-463E-A7D2-C5512AA25D7E}.Debug|Any CPU.Build.0 = Debug|Any CPU
		{4473C750-2A62-463E-A7D2-C5512AA25D7E}.Release|Any CPU.ActiveCfg = Release|Any CPU
		{4473C750-2A62-463E-A7D2-C5512AA25D7E}.Release|Any CPU.Build.0 = Release|Any CPU
		{EB9DD37B-9A1F-4002-9188-B878859A57A7}.Debug|Any CPU.ActiveCfg = Debug|Any CPU
		{EB9DD37B-9A1F-4002-9188-B878859A57A7}.Debug|Any CPU.Build.0 = Debug|Any CPU
		{EB9DD37B-9A1F-4002-9188-B878859A57A7}.Release|Any CPU.ActiveCfg = Release|Any CPU
		{EB9DD37B-9A1F-4002-9188-B878859A57A7}.Release|Any CPU.Build.0 = Release|Any CPU
		{E894374A-535B-4978-9C4F-6876F703A438}.Debug|Any CPU.ActiveCfg = Debug|Any CPU
		{E894374A-535B-4978-9C4F-6876F703A438}.Debug|Any CPU.Build.0 = Debug|Any CPU
		{E894374A-535B-4978-9C4F-6876F703A438}.Release|Any CPU.ActiveCfg = Release|Any CPU
		{E894374A-535B-4978-9C4F-6876F703A438}.Release|Any CPU.Build.0 = Release|Any CPU
		{0EC17D7A-E411-448C-AEBD-8963AF33BC4F}.Debug|Any CPU.ActiveCfg = Debug|Any CPU
		{0EC17D7A-E411-448C-AEBD-8963AF33BC4F}.Debug|Any CPU.Build.0 = Debug|Any CPU
		{0EC17D7A-E411-448C-AEBD-8963AF33BC4F}.Release|Any CPU.ActiveCfg = Release|Any CPU
		{0EC17D7A-E411-448C-AEBD-8963AF33BC4F}.Release|Any CPU.Build.0 = Release|Any CPU
		{3B044487-3CEE-4DEA-9431-BEF26D7B6D1A}.Debug|Any CPU.ActiveCfg = Debug|Any CPU
		{3B044487-3CEE-4DEA-9431-BEF26D7B6D1A}.Debug|Any CPU.Build.0 = Debug|Any CPU
		{3B044487-3CEE-4DEA-9431-BEF26D7B6D1A}.Release|Any CPU.ActiveCfg = Release|Any CPU
		{3B044487-3CEE-4DEA-9431-BEF26D7B6D1A}.Release|Any CPU.Build.0 = Release|Any CPU
		{CF959776-E731-4C51-A72D-AC7E7B987DD7}.Debug|Any CPU.ActiveCfg = Debug|Any CPU
		{CF959776-E731-4C51-A72D-AC7E7B987DD7}.Debug|Any CPU.Build.0 = Debug|Any CPU
		{CF959776-E731-4C51-A72D-AC7E7B987DD7}.Release|Any CPU.ActiveCfg = Release|Any CPU
		{CF959776-E731-4C51-A72D-AC7E7B987DD7}.Release|Any CPU.Build.0 = Release|Any CPU
		{1E0075A3-E430-412C-A341-43E1DF79463E}.Debug|Any CPU.ActiveCfg = Debug|Any CPU
		{1E0075A3-E430-412C-A341-43E1DF79463E}.Debug|Any CPU.Build.0 = Debug|Any CPU
		{1E0075A3-E430-412C-A341-43E1DF79463E}.Release|Any CPU.ActiveCfg = Release|Any CPU
		{1E0075A3-E430-412C-A341-43E1DF79463E}.Release|Any CPU.Build.0 = Release|Any CPU
		{3C60C957-4E12-4EA4-8F4E-D02B18194267}.Debug|Any CPU.ActiveCfg = Debug|Any CPU
		{3C60C957-4E12-4EA4-8F4E-D02B18194267}.Debug|Any CPU.Build.0 = Debug|Any CPU
		{3C60C957-4E12-4EA4-8F4E-D02B18194267}.Release|Any CPU.ActiveCfg = Release|Any CPU
		{3C60C957-4E12-4EA4-8F4E-D02B18194267}.Release|Any CPU.Build.0 = Release|Any CPU
		{D701888B-96C8-43C5-81D2-4456B31422A3}.Debug|Any CPU.ActiveCfg = Debug|Any CPU
		{D701888B-96C8-43C5-81D2-4456B31422A3}.Debug|Any CPU.Build.0 = Debug|Any CPU
		{D701888B-96C8-43C5-81D2-4456B31422A3}.Release|Any CPU.ActiveCfg = Release|Any CPU
		{D701888B-96C8-43C5-81D2-4456B31422A3}.Release|Any CPU.Build.0 = Release|Any CPU
		{3DC9BBC9-76D1-4CE2-927F-467ABFC2A023}.Debug|Any CPU.ActiveCfg = Debug|Any CPU
		{3DC9BBC9-76D1-4CE2-927F-467ABFC2A023}.Debug|Any CPU.Build.0 = Debug|Any CPU
		{3DC9BBC9-76D1-4CE2-927F-467ABFC2A023}.Release|Any CPU.ActiveCfg = Release|Any CPU
		{3DC9BBC9-76D1-4CE2-927F-467ABFC2A023}.Release|Any CPU.Build.0 = Release|Any CPU
		{3911F717-0B61-432F-A849-D6736CAA9371}.Debug|Any CPU.ActiveCfg = Debug|Any CPU
		{3911F717-0B61-432F-A849-D6736CAA9371}.Debug|Any CPU.Build.0 = Debug|Any CPU
		{3911F717-0B61-432F-A849-D6736CAA9371}.Release|Any CPU.ActiveCfg = Release|Any CPU
		{3911F717-0B61-432F-A849-D6736CAA9371}.Release|Any CPU.Build.0 = Release|Any CPU
		{845B1A08-41D5-4726-8C03-390911BAB1BD}.Debug|Any CPU.ActiveCfg = Debug|Any CPU
		{845B1A08-41D5-4726-8C03-390911BAB1BD}.Debug|Any CPU.Build.0 = Debug|Any CPU
		{845B1A08-41D5-4726-8C03-390911BAB1BD}.Release|Any CPU.ActiveCfg = Release|Any CPU
		{845B1A08-41D5-4726-8C03-390911BAB1BD}.Release|Any CPU.Build.0 = Release|Any CPU
		{D45D674D-CE3B-4DD2-A49A-5B4868284561}.Debug|Any CPU.ActiveCfg = Debug|Any CPU
		{D45D674D-CE3B-4DD2-A49A-5B4868284561}.Debug|Any CPU.Build.0 = Debug|Any CPU
		{D45D674D-CE3B-4DD2-A49A-5B4868284561}.Release|Any CPU.ActiveCfg = Release|Any CPU
		{D45D674D-CE3B-4DD2-A49A-5B4868284561}.Release|Any CPU.Build.0 = Release|Any CPU
		{82AFE830-1163-4B7D-8E77-F0C5E1C1D6D5}.Debug|Any CPU.ActiveCfg = Debug|Any CPU
		{82AFE830-1163-4B7D-8E77-F0C5E1C1D6D5}.Debug|Any CPU.Build.0 = Debug|Any CPU
		{82AFE830-1163-4B7D-8E77-F0C5E1C1D6D5}.Release|Any CPU.ActiveCfg = Release|Any CPU
		{82AFE830-1163-4B7D-8E77-F0C5E1C1D6D5}.Release|Any CPU.Build.0 = Release|Any CPU
		{DCDD2D2B-12AD-4D3A-8596-7A94810BF3CB}.Debug|Any CPU.ActiveCfg = Debug|Any CPU
		{DCDD2D2B-12AD-4D3A-8596-7A94810BF3CB}.Debug|Any CPU.Build.0 = Debug|Any CPU
		{DCDD2D2B-12AD-4D3A-8596-7A94810BF3CB}.Release|Any CPU.ActiveCfg = Release|Any CPU
		{DCDD2D2B-12AD-4D3A-8596-7A94810BF3CB}.Release|Any CPU.Build.0 = Release|Any CPU
		{AD1579F3-435B-4169-A6FC-4B38BB12141C}.Debug|Any CPU.ActiveCfg = Debug|Any CPU
		{AD1579F3-435B-4169-A6FC-4B38BB12141C}.Debug|Any CPU.Build.0 = Debug|Any CPU
		{AD1579F3-435B-4169-A6FC-4B38BB12141C}.Release|Any CPU.ActiveCfg = Release|Any CPU
		{AD1579F3-435B-4169-A6FC-4B38BB12141C}.Release|Any CPU.Build.0 = Release|Any CPU
		{3B49F707-EA5E-4793-AD00-2D1A403947A1}.Debug|Any CPU.ActiveCfg = Debug|Any CPU
		{3B49F707-EA5E-4793-AD00-2D1A403947A1}.Debug|Any CPU.Build.0 = Debug|Any CPU
		{3B49F707-EA5E-4793-AD00-2D1A403947A1}.Release|Any CPU.ActiveCfg = Release|Any CPU
		{3B49F707-EA5E-4793-AD00-2D1A403947A1}.Release|Any CPU.Build.0 = Release|Any CPU
		{1917AE70-BD44-4586-9651-D95F9ACDAD89}.Debug|Any CPU.ActiveCfg = Debug|Any CPU
		{1917AE70-BD44-4586-9651-D95F9ACDAD89}.Debug|Any CPU.Build.0 = Debug|Any CPU
		{1917AE70-BD44-4586-9651-D95F9ACDAD89}.Release|Any CPU.ActiveCfg = Release|Any CPU
		{1917AE70-BD44-4586-9651-D95F9ACDAD89}.Release|Any CPU.Build.0 = Release|Any CPU
		{B05873D7-8AD3-4741-9D8D-A6D1AEF4B279}.Debug|Any CPU.ActiveCfg = Debug|Any CPU
		{B05873D7-8AD3-4741-9D8D-A6D1AEF4B279}.Debug|Any CPU.Build.0 = Debug|Any CPU
		{B05873D7-8AD3-4741-9D8D-A6D1AEF4B279}.Release|Any CPU.ActiveCfg = Release|Any CPU
		{B05873D7-8AD3-4741-9D8D-A6D1AEF4B279}.Release|Any CPU.Build.0 = Release|Any CPU
		{19E54341-BD3D-43CF-9289-9F56B08B25B4}.Debug|Any CPU.ActiveCfg = Debug|Any CPU
		{19E54341-BD3D-43CF-9289-9F56B08B25B4}.Debug|Any CPU.Build.0 = Debug|Any CPU
		{19E54341-BD3D-43CF-9289-9F56B08B25B4}.Release|Any CPU.ActiveCfg = Release|Any CPU
		{19E54341-BD3D-43CF-9289-9F56B08B25B4}.Release|Any CPU.Build.0 = Release|Any CPU
		{F0AEE63F-C1EA-4D26-9330-36A7C84D5363}.Debug|Any CPU.ActiveCfg = Debug|Any CPU
		{F0AEE63F-C1EA-4D26-9330-36A7C84D5363}.Debug|Any CPU.Build.0 = Debug|Any CPU
		{F0AEE63F-C1EA-4D26-9330-36A7C84D5363}.Release|Any CPU.ActiveCfg = Release|Any CPU
		{F0AEE63F-C1EA-4D26-9330-36A7C84D5363}.Release|Any CPU.Build.0 = Release|Any CPU
		{768ADFBD-0073-4804-BAF0-4431849300DC}.Debug|Any CPU.ActiveCfg = Debug|Any CPU
		{768ADFBD-0073-4804-BAF0-4431849300DC}.Debug|Any CPU.Build.0 = Debug|Any CPU
		{768ADFBD-0073-4804-BAF0-4431849300DC}.Release|Any CPU.ActiveCfg = Release|Any CPU
		{768ADFBD-0073-4804-BAF0-4431849300DC}.Release|Any CPU.Build.0 = Release|Any CPU
		{753AE574-B7CC-4F44-83CF-95656D95BDB4}.Debug|Any CPU.ActiveCfg = Debug|Any CPU
		{753AE574-B7CC-4F44-83CF-95656D95BDB4}.Debug|Any CPU.Build.0 = Debug|Any CPU
		{753AE574-B7CC-4F44-83CF-95656D95BDB4}.Release|Any CPU.ActiveCfg = Release|Any CPU
		{753AE574-B7CC-4F44-83CF-95656D95BDB4}.Release|Any CPU.Build.0 = Release|Any CPU
		{D6530BF0-A806-45F2-A323-123D743069AF}.Debug|Any CPU.ActiveCfg = Debug|Any CPU
		{D6530BF0-A806-45F2-A323-123D743069AF}.Debug|Any CPU.Build.0 = Debug|Any CPU
		{D6530BF0-A806-45F2-A323-123D743069AF}.Release|Any CPU.ActiveCfg = Release|Any CPU
		{D6530BF0-A806-45F2-A323-123D743069AF}.Release|Any CPU.Build.0 = Release|Any CPU
		{FD7F47C4-EABB-44C4-BA51-CC0336429138}.Debug|Any CPU.ActiveCfg = Debug|Any CPU
		{FD7F47C4-EABB-44C4-BA51-CC0336429138}.Debug|Any CPU.Build.0 = Debug|Any CPU
		{FD7F47C4-EABB-44C4-BA51-CC0336429138}.Release|Any CPU.ActiveCfg = Release|Any CPU
		{FD7F47C4-EABB-44C4-BA51-CC0336429138}.Release|Any CPU.Build.0 = Release|Any CPU
		{B6DBADF2-DE04-4E0C-B8A7-F12BE9AF232A}.Debug|Any CPU.ActiveCfg = Debug|Any CPU
		{B6DBADF2-DE04-4E0C-B8A7-F12BE9AF232A}.Debug|Any CPU.Build.0 = Debug|Any CPU
		{B6DBADF2-DE04-4E0C-B8A7-F12BE9AF232A}.Release|Any CPU.ActiveCfg = Release|Any CPU
		{B6DBADF2-DE04-4E0C-B8A7-F12BE9AF232A}.Release|Any CPU.Build.0 = Release|Any CPU
		{4AC72ABC-5205-426B-A182-52D8B3288552}.Debug|Any CPU.ActiveCfg = Debug|Any CPU
		{4AC72ABC-5205-426B-A182-52D8B3288552}.Debug|Any CPU.Build.0 = Debug|Any CPU
		{4AC72ABC-5205-426B-A182-52D8B3288552}.Release|Any CPU.ActiveCfg = Release|Any CPU
		{4AC72ABC-5205-426B-A182-52D8B3288552}.Release|Any CPU.Build.0 = Release|Any CPU
	EndGlobalSection
	GlobalSection(SolutionProperties) = preSolution
		HideSolutionNode = FALSE
	EndGlobalSection
	GlobalSection(ExtensibilityGlobals) = postSolution
		SolutionGuid = {384B548F-1E54-43C6-83A6-9A012871A389}
	EndGlobalSection
EndGlobal
